
Microsoft Visual Studio Solution File, Format Version 12.00
# Visual Studio Version 17
VisualStudioVersion = 17.5.33530.505
MinimumVisualStudioVersion = 10.0.40219.1
Project("{FAE04EC0-301F-11D3-BF4B-00C04F79EFBC}") = "Multiform Personnel Database Application", "Multiform Personnel Database Application.csproj", "{160E14E3-7B03-444F-A2AB-6773CDAFECD2}"
EndProject
Global
	GlobalSection(SolutionConfigurationPlatforms) = preSolution
		Debug|Any CPU = Debug|Any CPU
		Release|Any CPU = Release|Any CPU
	EndGlobalSection
	GlobalSection(ProjectConfigurationPlatforms) = postSolution
		{160E14E3-7B03-444F-A2AB-6773CDAFECD2}.Debug|Any CPU.ActiveCfg = Debug|Any CPU
		{160E14E3-7B03-444F-A2AB-6773CDAFECD2}.Debug|Any CPU.Build.0 = Debug|Any CPU
		{160E14E3-7B03-444F-A2AB-6773CDAFECD2}.Release|Any CPU.ActiveCfg = Release|Any CPU
		{160E14E3-7B03-444F-A2AB-6773CDAFECD2}.Release|Any CPU.Build.0 = Release|Any CPU
	EndGlobalSection
	GlobalSection(SolutionProperties) = preSolution
		HideSolutionNode = FALSE
	EndGlobalSection
	GlobalSection(ExtensibilityGlobals) = postSolution
		SolutionGuid = {20B975FF-FEB8-4F63-AE1F-A8D65D6B8567}
	EndGlobalSection
EndGlobal
